PODS:
  - Alamofire (5.4.1)
  - MarqueeLabel (4.0.5)
  - NVActivityIndicatorView (5.1.1):
    - NVActivityIndicatorView/Base (= 5.1.1)
  - NVActivityIndicatorView/Base (5.1.1)
  - SCLAlertView (0.8)
  - SnapKit (5.0.1)
  - SVProgressHUD (2.2.5)
  - SwiftyJSON (4.3.0)

DEPENDENCIES:
  - Alamofire
  - MarqueeLabel
  - NVActivityIndicatorView
  - SCLAlertView
  - SnapKit
  - SVProgressHUD
  - SwiftyJSON (~> 4.0)

SPEC REPOS:
  trunk:
    - Alamofire
    - MarqueeLabel
    - NVActivityIndicatorView
    - SCLAlertView
    - SnapKit
    - SVProgressHUD
    - SwiftyJSON

SPEC CHECKSUMS:
  Alamofire: 2291f7d21ca607c491dd17642e5d40fdcda0e65c
  MarqueeLabel: 00cc0bcd087111dca575878b3531af980559707d
  NVActivityIndicatorView: 1f6c5687f1171810aa27a3296814dc2d7dec3667
  SCLAlertView: 6a77bb2edfc65e04dbe57725546cb4107a506b85
  SnapKit: 97b92857e3df3a0c71833cce143274bf6ef8e5eb
  SVProgressHUD: 1428aafac632c1f86f62aa4243ec12008d7a51d6
  SwiftyJSON: 6faa0040f8b59dead0ee07436cbf76b73c08fd08

PODFILE CHECKSUM: c586cd0b232885771c9c0a8e414e94905ee43756

COCOAPODS: 1.9.3
